// !$*UTF8*$!
{
	archiveVersion = 1;
	classes = {
	};
	objectVersion = 50;
	objects = {

/* Begin PBXBuildFile section */
		F596D4962544B9BA0079A51F /* AppDelegate.swift in Sources */ = {isa = PBXBuildFile; fileRef = F596D4952544B9BA0079A51F /* AppDelegate.swift */; };
		F596D4982544B9BA0079A51F /* SceneDelegate.swift in Sources */ = {isa = PBXBuildFile; fileRef = F596D4972544B9BA0079A51F /* SceneDelegate.swift */; };
		F596D49A2544B9BA0079A51F /* HomeVC.swift in Sources */ = {isa = PBXBuildFile; fileRef = F596D4992544B9BA0079A51F /* HomeVC.swift */; };
		F596D49D2544B9BA0079A51F /* Main.storyboard in Resources */ = {isa = PBXBuildFile; fileRef = F596D49B2544B9BA0079A51F /* Main.storyboard */; };
		F596D49F2544B9C00079A51F /* Assets.xcassets in Resources */ = {isa = PBXBuildFile; fileRef = F596D49E2544B9C00079A51F /* Assets.xcassets */; };
		F596D4A22544B9C00079A51F /* LaunchScreen.storyboard in Resources */ = {isa = PBXBuildFile; fileRef = F596D4A02544B9C00079A51F /* LaunchScreen.storyboard */; };
		F596D4B32544BE060079A51F /* ShadowCardView.swift in Sources */ = {isa = PBXBuildFile; fileRef = F596D4B02544BE060079A51F /* ShadowCardView.swift */; };
		F596D4B42544BE060079A51F /* CardView.swift in Sources */ = {isa = PBXBuildFile; fileRef = F596D4B12544BE060079A51F /* CardView.swift */; };
		F596D4B52544BE060079A51F /* RoundedButton.swift in Sources */ = {isa = PBXBuildFile; fileRef = F596D4B22544BE060079A51F /* RoundedButton.swift */; };
		F596D4B82544BE770079A51F /* DemoData.swift in Sources */ = {isa = PBXBuildFile; fileRef = F596D4B72544BE770079A51F /* DemoData.swift */; };
		F596D4BD2544C6BC0079A51F /* LoginRegisterVC.swift in Sources */ = {isa = PBXBuildFile; fileRef = F596D4BB2544C6BC0079A51F /* LoginRegisterVC.swift */; };
		F596D4BE2544C6BC0079A51F /* LoginRegisterVC.xib in Resources */ = {isa = PBXBuildFile; fileRef = F596D4BC2544C6BC0079A51F /* LoginRegisterVC.xib */; };
		F5A7EF3425474B2B00F0F907 /* Vacation.swift in Sources */ = {isa = PBXBuildFile; fileRef = F5A7EF3325474B2B00F0F907 /* Vacation.swift */; };
/* End PBXBuildFile section */

/* Begin PBXFileReference section */
		F596D4922544B9BA0079A51F /* eCommerce App.app */ = {isa = PBXFileReference; explicitFileType = wrapper.application; includeInIndex = 0; path = "eCommerce App.app"; sourceTree = BUILT_PRODUCTS_DIR; };
		F596D4952544B9BA0079A51F /* AppDelegate.swift */ = {isa = PBXFileReference; lastKnownFileType = sourcecode.swift; path = AppDelegate.swift; sourceTree = "<group>"; };
		F596D4972544B9BA0079A51F /* SceneDelegate.swift */ = {isa = PBXFileReference; lastKnownFileType = sourcecode.swift; path = SceneDelegate.swift; sourceTree = "<group>"; };
		F596D4992544B9BA0079A51F /* HomeVC.swift */ = {isa = PBXFileReference; lastKnownFileType = sourcecode.swift; path = HomeVC.swift; sourceTree = "<group>"; };
		F596D49C2544B9BA0079A51F /* Base */ = {isa = PBXFileReference; lastKnownFileType = file.storyboard; name = Base; path = Base.lproj/Main.storyboard; sourceTree = "<group>"; };
		F596D49E2544B9C00079A51F /* Assets.xcassets */ = {isa = PBXFileReference; lastKnownFileType = folder.assetcatalog; path = Assets.xcassets; sourceTree = "<group>"; };
		F596D4A12544B9C00079A51F /* Base */ = {isa = PBXFileReference; lastKnownFileType = file.storyboard; name = Base; path = Base.lproj/LaunchScreen.storyboard; sourceTree = "<group>"; };
		F596D4A32544B9C00079A51F /* Info.plist */ = {isa = PBXFileReference; lastKnownFileType = text.plist.xml; path = Info.plist; sourceTree = "<group>"; };
		F596D4B02544BE060079A51F /* ShadowCardView.swift */ = {isa = PBXFileReference; fileEncoding = 4; lastKnownFileType = sourcecode.swift; path = ShadowCardView.swift; sourceTree = "<group>"; };
		F596D4B12544BE060079A51F /* CardView.swift */ = {isa = PBXFileReference; fileEncoding = 4; lastKnownFileType = sourcecode.swift; path = CardView.swift; sourceTree = "<group>"; };
		F596D4B22544BE060079A51F /* RoundedButton.swift */ = {isa = PBXFileReference; fileEncoding = 4; lastKnownFileType = sourcecode.swift; path = RoundedButton.swift; sourceTree = "<group>"; };
		F596D4B72544BE770079A51F /* DemoData.swift */ = {isa = PBXFileReference; fileEncoding = 4; lastKnownFileType = sourcecode.swift; path = DemoData.swift; sourceTree = "<group>"; };
		F596D4BB2544C6BC0079A51F /* LoginRegisterVC.swift */ = {isa = PBXFileReference; lastKnownFileType = sourcecode.swift; path = LoginRegisterVC.swift; sourceTree = "<group>"; };
		F596D4BC2544C6BC0079A51F /* LoginRegisterVC.xib */ = {isa = PBXFileReference; lastKnownFileType = file.xib; path = LoginRegisterVC.xib; sourceTree = "<group>"; };
		F5A7EF3325474B2B00F0F907 /* Vacation.swift */ = {isa = PBXFileReference; lastKnownFileType = sourcecode.swift; path = Vacation.swift; sourceTree = "<group>"; };
/* End PBXFileReference section */

/* Begin PBXFrameworksBuildPhase section */
		F596D48F2544B9BA0079A51F /* Frameworks */ = {
			isa = PBXFrameworksBuildPhase;
			buildActionMask = 2147483647;
			files = (
			);
			runOnlyForDeploymentPostprocessing = 0;
		};
/* End PBXFrameworksBuildPhase section */

/* Begin PBXGroup section */
		F596D4892544B9BA0079A51F = {
			isa = PBXGroup;
			children = (
				F596D4942544B9BA0079A51F /* eCommerce App */,
				F596D4932544B9BA0079A51F /* Products */,
			);
			sourceTree = "<group>";
		};
		F596D4932544B9BA0079A51F /* Products */ = {
			isa = PBXGroup;
			children = (
				F596D4922544B9BA0079A51F /* eCommerce App.app */,
			);
			name = Products;
			sourceTree = "<group>";
		};
		F596D4942544B9BA0079A51F /* eCommerce App */ = {
			isa = PBXGroup;
			children = (
				F5A7EF3225474B1000F0F907 /* Models */,
				F596D4BA2544C6960079A51F /* LoginRegister */,
				F596D49B2544B9BA0079A51F /* Main.storyboard */,
				F596D4B72544BE770079A51F /* DemoData.swift */,
				F596D4992544B9BA0079A51F /* HomeVC.swift */,
				F596D4AF2544BDEF0079A51F /* Custom Views */,
				F596D4AA2544BAAB0079A51F /* Resources */,
			);
			path = "eCommerce App";
			sourceTree = "<group>";
		};
		F596D4AA2544BAAB0079A51F /* Resources */ = {
			isa = PBXGroup;
			children = (
				F596D4972544B9BA0079A51F /* SceneDelegate.swift */,
				F596D4952544B9BA0079A51F /* AppDelegate.swift */,
				F596D49E2544B9C00079A51F /* Assets.xcassets */,
				F596D4A02544B9C00079A51F /* LaunchScreen.storyboard */,
				F596D4A32544B9C00079A51F /* Info.plist */,
			);
			path = Resources;
			sourceTree = "<group>";
		};
		F596D4AF2544BDEF0079A51F /* Custom Views */ = {
			isa = PBXGroup;
			children = (
				F596D4B12544BE060079A51F /* CardView.swift */,
				F596D4B22544BE060079A51F /* RoundedButton.swift */,
				F596D4B02544BE060079A51F /* ShadowCardView.swift */,
			);
			path = "Custom Views";
			sourceTree = "<group>";
		};
		F596D4BA2544C6960079A51F /* LoginRegister */ = {
			isa = PBXGroup;
			children = (
				F596D4BB2544C6BC0079A51F /* LoginRegisterVC.swift */,
				F596D4BC2544C6BC0079A51F /* LoginRegisterVC.xib */,
			);
			path = LoginRegister;
			sourceTree = "<group>";
		};
		F5A7EF3225474B1000F0F907 /* Models */ = {
			isa = PBXGroup;
			children = (
				F5A7EF3325474B2B00F0F907 /* Vacation.swift */,
			);
			path = Models;
			sourceTree = "<group>";
		};
/* End PBXGroup section */

/* Begin PBXNativeTarget section */
		F596D4912544B9BA0079A51F /* eCommerce App */ = {
			isa = PBXNativeTarget;
			buildConfigurationList = F596D4A62544B9C00079A51F /* Build configuration list for PBXNativeTarget "eCommerce App" */;
			buildPhases = (
				F596D48E2544B9BA0079A51F /* Sources */,
				F596D48F2544B9BA0079A51F /* Frameworks */,
				F596D4902544B9BA0079A51F /* Resources */,
			);
			buildRules = (
			);
			dependencies = (
			);
			name = "eCommerce App";
			productName = "eCommerce App";
			productReference = F596D4922544B9BA0079A51F /* eCommerce App.app */;
			productType = "com.apple.product-type.application";
		};
/* End PBXNativeTarget section */

/* Begin PBXProject section */
		F596D48A2544B9BA0079A51F /* Project object */ = {
			isa = PBXProject;
			attributes = {
				LastSwiftUpdateCheck = 1210;
				LastUpgradeCheck = 1210;
				TargetAttributes = {
					F596D4912544B9BA0079A51F = {
						CreatedOnToolsVersion = 12.1;
					};
				};
			};
			buildConfigurationList = F596D48D2544B9BA0079A51F /* Build configuration list for PBXProject "eCommerce App" */;
			compatibilityVersion = "Xcode 9.3";
			developmentRegion = en;
			hasScannedForEncodings = 0;
			knownRegions = (
				en,
				Base,
			);
			mainGroup = F596D4892544B9BA0079A51F;
			productRefGroup = F596D4932544B9BA0079A51F /* Products */;
			projectDirPath = "";
			projectRoot = "";
			targets = (
				F596D4912544B9BA0079A51F /* eCommerce App */,
			);
		};
/* End PBXProject section */

/* Begin PBXResourcesBuildPhase section */
		F596D4902544B9BA0079A51F /* Resources */ = {
			isa = PBXResourcesBuildPhase;
			buildActionMask = 2147483647;
			files = (
				F596D4A22544B9C00079A51F /* LaunchScreen.storyboard in Resources */,
				F596D49F2544B9C00079A51F /* Assets.xcassets in Resources */,
				F596D49D2544B9BA0079A51F /* Main.storyboard in Resources */,
				F596D4BE2544C6BC0079A51F /* LoginRegisterVC.xib in Resources */,
			);
			runOnlyForDeploymentPostprocessing = 0;
		};
/* End PBXResourcesBuildPhase section */

/* Begin PBXSourcesBuildPhase section */
		F596D48E2544B9BA0079A51F /* Sources */ = {
			isa = PBXSourcesBuildPhase;
			buildActionMask = 2147483647;
			files = (
				F596D49A2544B9BA0079A51F /* HomeVC.swift in Sources */,
				F596D4B52544BE060079A51F /* RoundedButton.swift in Sources */,
				F5A7EF3425474B2B00F0F907 /* Vacation.swift in Sources */,
				F596D4B82544BE770079A51F /* DemoData.swift in Sources */,
				F596D4962544B9BA0079A51F /* AppDelegate.swift in Sources */,
				F596D4B32544BE060079A51F /* ShadowCardView.swift in Sources */,
				F596D4982544B9BA0079A51F /* SceneDelegate.swift in Sources */,
				F596D4B42544BE060079A51F /* CardView.swift in Sources */,
				F596D4BD2544C6BC0079A51F /* LoginRegisterVC.swift in Sources */,
			);
			runOnlyForDeploymentPostprocessing = 0;
		};
/* End PBXSourcesBuildPhase section */

/* Begin PBXVariantGroup section */
		F596D49B2544B9BA0079A51F /* Main.storyboard */ = {
			isa = PBXVariantGroup;
			children = (
				F596D49C2544B9BA0079A51F /* Base */,
			);
			name = Main.storyboard;
			sourceTree = "<group>";
		};
		F596D4A02544B9C00079A51F /* LaunchScreen.storyboard */ = {
			isa = PBXVariantGroup;
			children = (
				F596D4A12544B9C00079A51F /* Base */,
			);
			name = LaunchScreen.storyboard;
			sourceTree = "<group>";
		};
/* End PBXVariantGroup section */

/* Begin XCBuildConfiguration section */
		F596D4A42544B9C00079A51F /* Debug */ = {
			isa = XCBuildConfiguration;
			buildSettings = {
				ALWAYS_SEARCH_USER_PATHS = NO;
				CLANG_ANALYZER_NONNULL = YES;
				CLANG_ANALYZER_NUMBER_OBJECT_CONVERSION = YES_AGGRESSIVE;
				CLANG_CXX_LANGUAGE_STANDARD = "gnu++14";
				CLANG_CXX_LIBRARY = "libc++";
				CLANG_ENABLE_MODULES = YES;
				CLANG_ENABLE_OBJC_ARC = YES;
				CLANG_ENABLE_OBJC_WEAK = YES;
				CLANG_WARN_BLOCK_CAPTURE_AUTORELEASING = YES;
				CLANG_WARN_BOOL_CONVERSION = YES;
				CLANG_WARN_COMMA = YES;
				CLANG_WARN_CONSTANT_CONVERSION = YES;
				CLANG_WARN_DEPRECATED_OBJC_IMPLEMENTATIONS = YES;
				CLANG_WARN_DIRECT_OBJC_ISA_USAGE = YES_ERROR;
				CLANG_WARN_DOCUMENTATION_COMMENTS = YES;
				CLANG_WARN_EMPTY_BODY = YES;
				CLANG_WARN_ENUM_CONVERSION = YES;
				CLANG_WARN_INFINITE_RECURSION = YES;
				CLANG_WARN_INT_CONVERSION = YES;
				CLANG_WARN_NON_LITERAL_NULL_CONVERSION = YES;
				CLANG_WARN_OBJC_IMPLICIT_RETAIN_SELF = YES;
				CLANG_WARN_OBJC_LITERAL_CONVERSION = YES;
				CLANG_WARN_OBJC_ROOT_CLASS = YES_ERROR;
				CLANG_WARN_QUOTED_INCLUDE_IN_FRAMEWORK_HEADER = YES;
				CLANG_WARN_RANGE_LOOP_ANALYSIS = YES;
				CLANG_WARN_STRICT_PROTOTYPES = YES;
				CLANG_WARN_SUSPICIOUS_MOVE = YES;
				CLANG_WARN_UNGUARDED_AVAILABILITY = YES_AGGRESSIVE;
				CLANG_WARN_UNREACHABLE_CODE = YES;
				CLANG_WARN__DUPLICATE_METHOD_MATCH = YES;
				COPY_PHASE_STRIP = NO;
				DEBUG_INFORMATION_FORMAT = dwarf;
				ENABLE_STRICT_OBJC_MSGSEND = YES;
				ENABLE_TESTABILITY = YES;
				GCC_C_LANGUAGE_STANDARD = gnu11;
				GCC_DYNAMIC_NO_PIC = NO;
				GCC_NO_COMMON_BLOCKS = YES;
				GCC_OPTIMIZATION_LEVEL = 0;
				GCC_PREPROCESSOR_DEFINITIONS = (
					"DEBUG=1",
					"$(inherited)",
				);
				GCC_WARN_64_TO_32_BIT_CONVERSION = YES;
				GCC_WARN_ABOUT_RETURN_TYPE = YES_ERROR;
				GCC_WARN_UNDECLARED_SELECTOR = YES;
				GCC_WARN_UNINITIALIZED_AUTOS = YES_AGGRESSIVE;
				GCC_WARN_UNUSED_FUNCTION = YES;
				GCC_WARN_UNUSED_VARIABLE = YES;
				IPHONEOS_DEPLOYMENT_TARGET = 14.1;
				MTL_ENABLE_DEBUG_INFO = INCLUDE_SOURCE;
				MTL_FAST_MATH = YES;
				ONLY_ACTIVE_ARCH = YES;
				SDKROOT = iphoneos;
				SWIFT_ACTIVE_COMPILATION_CONDITIONS = DEBUG;
				SWIFT_OPTIMIZATION_LEVEL = "-Onone";
			};
			name = Debug;
		};
		F596D4A52544B9C00079A51F /* Release */ = {
			isa = XCBuildConfiguration;
			buildSettings = {
				ALWAYS_SEARCH_USER_PATHS = NO;
				CLANG_ANALYZER_NONNULL = YES;
				CLANG_ANALYZER_NUMBER_OBJECT_CONVERSION = YES_AGGRESSIVE;
				CLANG_CXX_LANGUAGE_STANDARD = "gnu++14";
				CLANG_CXX_LIBRARY = "libc++";
				CLANG_ENABLE_MODULES = YES;
				CLANG_ENABLE_OBJC_ARC = YES;
				CLANG_ENABLE_OBJC_WEAK = YES;
				CLANG_WARN_BLOCK_CAPTURE_AUTORELEASING = YES;
				CLANG_WARN_BOOL_CONVERSION = YES;
				CLANG_WARN_COMMA = YES;
				CLANG_WARN_CONSTANT_CONVERSION = YES;
				CLANG_WARN_DEPRECATED_OBJC_IMPLEMENTATIONS = YES;
				CLANG_WARN_DIRECT_OBJC_ISA_USAGE = YES_ERROR;
				CLANG_WARN_DOCUMENTATION_COMMENTS = YES;
				CLANG_WARN_EMPTY_BODY = YES;
				CLANG_WARN_ENUM_CONVERSION = YES;
				CLANG_WARN_INFINITE_RECURSION = YES;
				CLANG_WARN_INT_CONVERSION = YES;
				CLANG_WARN_NON_LITERAL_NULL_CONVERSION = YES;
				CLANG_WARN_OBJC_IMPLICIT_RETAIN_SELF = YES;
				CLANG_WARN_OBJC_LITERAL_CONVERSION = YES;
				CLANG_WARN_OBJC_ROOT_CLASS = YES_ERROR;
				CLANG_WARN_QUOTED_INCLUDE_IN_FRAMEWORK_HEADER = YES;
				CLANG_WARN_RANGE_LOOP_ANALYSIS = YES;
				CLANG_WARN_STRICT_PROTOTYPES = YES;
				CLANG_WARN_SUSPICIOUS_MOVE = YES;
				CLANG_WARN_UNGUARDED_AVAILABILITY = YES_AGGRESSIVE;
				CLANG_WARN_UNREACHABLE_CODE = YES;
				CLANG_WARN__DUPLICATE_METHOD_MATCH = YES;
				COPY_PHASE_STRIP = NO;
				DEBUG_INFORMATION_FORMAT = "dwarf-with-dsym";
				ENABLE_NS_ASSERTIONS = NO;
				ENABLE_STRICT_OBJC_MSGSEND = YES;
				GCC_C_LANGUAGE_STANDARD = gnu11;
				GCC_NO_COMMON_BLOCKS = YES;
				GCC_WARN_64_TO_32_BIT_CONVERSION = YES;
				GCC_WARN_ABOUT_RETURN_TYPE = YES_ERROR;
				GCC_WARN_UNDECLARED_SELECTOR = YES;
				GCC_WARN_UNINITIALIZED_AUTOS = YES_AGGRESSIVE;
				GCC_WARN_UNUSED_FUNCTION = YES;
				GCC_WARN_UNUSED_VARIABLE = YES;
				IPHONEOS_DEPLOYMENT_TARGET = 14.1;
				MTL_ENABLE_DEBUG_INFO = NO;
				MTL_FAST_MATH = YES;
				SDKROOT = iphoneos;
				SWIFT_COMPILATION_MODE = wholemodule;
				SWIFT_OPTIMIZATION_LEVEL = "-O";
				VALIDATE_PRODUCT = YES;
			};
			name = Release;
		};
		F596D4A72544B9C00079A51F /* Debug */ = {
			isa = XCBuildConfiguration;
			buildSettings = {
				ASSETCATALOG_COMPILER_APPICON_NAME = AppIcon;
				ASSETCATALOG_COMPILER_GLOBAL_ACCENT_COLOR_NAME = AccentColor;
				CODE_SIGN_STYLE = Automatic;
				DEVELOPMENT_TEAM = 5882QKM9XK;
				INFOPLIST_FILE = "eCommerce App/Resources/Info.plist";
				LD_RUNPATH_SEARCH_PATHS = (
					"$(inherited)",
					"@executable_path/Frameworks",
				);
				PRODUCT_BUNDLE_IDENTIFIER = "com.drago.eCommerce-App";
				PRODUCT_NAME = "$(TARGET_NAME)";
				SWIFT_VERSION = 5.0;
				TARGETED_DEVICE_FAMILY = "1,2";
			};
			name = Debug;
		};
		F596D4A82544B9C00079A51F /* Release */ = {
			isa = XCBuildConfiguration;
			buildSettings = {
				ASSETCATALOG_COMPILER_APPICON_NAME = AppIcon;
				ASSETCATALOG_COMPILER_GLOBAL_ACCENT_COLOR_NAME = AccentColor;
				CODE_SIGN_STYLE = Automatic;
				DEVELOPMENT_TEAM = 5882QKM9XK;
				INFOPLIST_FILE = "eCommerce App/Resources/Info.plist";
				LD_RUNPATH_SEARCH_PATHS = (
					"$(inherited)",
					"@executable_path/Frameworks",
				);
				PRODUCT_BUNDLE_IDENTIFIER = "com.drago.eCommerce-App";
				PRODUCT_NAME = "$(TARGET_NAME)";
				SWIFT_VERSION = 5.0;
				TARGETED_DEVICE_FAMILY = "1,2";
			};
			name = Release;
		};
/* End XCBuildConfiguration section */

/* Begin XCConfigurationList section */
		F596D48D2544B9BA0079A51F /* Build configuration list for PBXProject "eCommerce App" */ = {
			isa = XCConfigurationList;
			buildConfigurations = (
				F596D4A42544B9C00079A51F /* Debug */,
				F596D4A52544B9C00079A51F /* Release */,
			);
			defaultConfigurationIsVisible = 0;
			defaultConfigurationName = Release;
		};
		F596D4A62544B9C00079A51F /* Build configuration list for PBXNativeTarget "eCommerce App" */ = {
			isa = XCConfigurationList;
			buildConfigurations = (
				F596D4A72544B9C00079A51F /* Debug */,
				F596D4A82544B9C00079A51F /* Release */,
			);
			defaultConfigurationIsVisible = 0;
			defaultConfigurationName = Release;
		};
/* End XCConfigurationList section */
	};
	rootObject = F596D48A2544B9BA0079A51F /* Project object */;
}
